// !$*UTF8*$!
{
	archiveVersion = 1;
	classes = {
	};
	objectVersion = 56;
	objects = {

/* Begin PBXBuildFile section */
		C11540F22C0131640050D630 /* HandPoseDetector.swift in Sources */ = {isa = PBXBuildFile; fileRef = C11540F12C0131640050D630 /* HandPoseDetector.swift */; };
		C13F0C382BFCB2BE0089DF1D /* tictactoe_macosApp.swift in Sources */ = {isa = PBXBuildFile; fileRef = C13F0C372BFCB2BE0089DF1D /* tictactoe_macosApp.swift */; };
		C13F0C3A2BFCB2BE0089DF1D /* ContentView.swift in Sources */ = {isa = PBXBuildFile; fileRef = C13F0C392BFCB2BE0089DF1D /* ContentView.swift */; };
		C13F0C3C2BFCB2C00089DF1D /* Assets.xcassets in Resources */ = {isa = PBXBuildFile; fileRef = C13F0C3B2BFCB2C00089DF1D /* Assets.xcassets */; };
		C13F0C3F2BFCB2C00089DF1D /* Preview Assets.xcassets in Resources */ = {isa = PBXBuildFile; fileRef = C13F0C3E2BFCB2C00089DF1D /* Preview Assets.xcassets */; };
		C13F0C492BFCB6470089DF1D /* CameraManager.swift in Sources */ = {isa = PBXBuildFile; fileRef = C13F0C482BFCB6470089DF1D /* CameraManager.swift */; };
		C14237C92BFDA381007EE40F /* CameraView.swift in Sources */ = {isa = PBXBuildFile; fileRef = C14237C82BFDA381007EE40F /* CameraView.swift */; };
		C14237CB2BFDAA7F007EE40F /* tictactoe-model.mlmodel in Sources */ = {isa = PBXBuildFile; fileRef = C14237CA2BFDAA7F007EE40F /* tictactoe-model.mlmodel */; };
		C142BF862BFECFFA0093D46C /* HumanDetector.swift in Sources */ = {isa = PBXBuildFile; fileRef = C142BF852BFECFFA0093D46C /* HumanDetector.swift */; };
/* End PBXBuildFile section */

/* Begin PBXFileReference section */
		C11540F12C0131640050D630 /* HandPoseDetector.swift */ = {isa = PBXFileReference; lastKnownFileType = sourcecode.swift; path = HandPoseDetector.swift; sourceTree = "<group>"; };
		C13F0C342BFCB2BE0089DF1D /* tictactoe-macos.app */ = {isa = PBXFileReference; explicitFileType = wrapper.application; includeInIndex = 0; path = "tictactoe-macos.app"; sourceTree = BUILT_PRODUCTS_DIR; };
		C13F0C372BFCB2BE0089DF1D /* tictactoe_macosApp.swift */ = {isa = PBXFileReference; lastKnownFileType = sourcecode.swift; path = tictactoe_macosApp.swift; sourceTree = "<group>"; };
		C13F0C392BFCB2BE0089DF1D /* ContentView.swift */ = {isa = PBXFileReference; lastKnownFileType = sourcecode.swift; path = ContentView.swift; sourceTree = "<group>"; };
		C13F0C3B2BFCB2C00089DF1D /* Assets.xcassets */ = {isa = PBXFileReference; lastKnownFileType = folder.assetcatalog; path = Assets.xcassets; sourceTree = "<group>"; };
		C13F0C3E2BFCB2C00089DF1D /* Preview Assets.xcassets */ = {isa = PBXFileReference; lastKnownFileType = folder.assetcatalog; path = "Preview Assets.xcassets"; sourceTree = "<group>"; };
		C13F0C402BFCB2C00089DF1D /* tictactoe_macos.entitlements */ = {isa = PBXFileReference; lastKnownFileType = text.plist.entitlements; path = tictactoe_macos.entitlements; sourceTree = "<group>"; };
		C13F0C482BFCB6470089DF1D /* CameraManager.swift */ = {isa = PBXFileReference; lastKnownFileType = sourcecode.swift; path = CameraManager.swift; sourceTree = "<group>"; };
		C14237C82BFDA381007EE40F /* CameraView.swift */ = {isa = PBXFileReference; lastKnownFileType = sourcecode.swift; path = CameraView.swift; sourceTree = "<group>"; };
		C14237CA2BFDAA7F007EE40F /* tictactoe-model.mlmodel */ = {isa = PBXFileReference; lastKnownFileType = file.mlmodel; path = "tictactoe-model.mlmodel"; sourceTree = "<group>"; };
		C142BF852BFECFFA0093D46C /* HumanDetector.swift */ = {isa = PBXFileReference; lastKnownFileType = sourcecode.swift; path = HumanDetector.swift; sourceTree = "<group>"; };
/* End PBXFileReference section */

/* Begin PBXFrameworksBuildPhase section */
		C13F0C312BFCB2BE0089DF1D /* Frameworks */ = {
			isa = PBXFrameworksBuildPhase;
			buildActionMask = 2147483647;
			files = (
			);
			runOnlyForDeploymentPostprocessing = 0;
		};
/* End PBXFrameworksBuildPhase section */

/* Begin PBXGroup section */
		C13F0C2B2BFCB2BE0089DF1D = {
			isa = PBXGroup;
			children = (
				C13F0C362BFCB2BE0089DF1D /* tictactoe-macos */,
				C13F0C352BFCB2BE0089DF1D /* Products */,
			);
			sourceTree = "<group>";
		};
		C13F0C352BFCB2BE0089DF1D /* Products */ = {
			isa = PBXGroup;
			children = (
				C13F0C342BFCB2BE0089DF1D /* tictactoe-macos.app */,
			);
			name = Products;
			sourceTree = "<group>";
		};
		C13F0C362BFCB2BE0089DF1D /* tictactoe-macos */ = {
			isa = PBXGroup;
			children = (
				C14237CA2BFDAA7F007EE40F /* tictactoe-model.mlmodel */,
				C13F0C372BFCB2BE0089DF1D /* tictactoe_macosApp.swift */,
				C13F0C392BFCB2BE0089DF1D /* ContentView.swift */,
				C13F0C3B2BFCB2C00089DF1D /* Assets.xcassets */,
				C13F0C402BFCB2C00089DF1D /* tictactoe_macos.entitlements */,
				C13F0C3D2BFCB2C00089DF1D /* Preview Content */,
				C13F0C482BFCB6470089DF1D /* CameraManager.swift */,
				C14237C82BFDA381007EE40F /* CameraView.swift */,
				C142BF852BFECFFA0093D46C /* HumanDetector.swift */,
				C11540F12C0131640050D630 /* HandPoseDetector.swift */,
			);
			path = "tictactoe-macos";
			sourceTree = "<group>";
		};
		C13F0C3D2BFCB2C00089DF1D /* Preview Content */ = {
			isa = PBXGroup;
			children = (
				C13F0C3E2BFCB2C00089DF1D /* Preview Assets.xcassets */,
			);
			path = "Preview Content";
			sourceTree = "<group>";
		};
/* End PBXGroup section */

/* Begin PBXNativeTarget section */
		C13F0C332BFCB2BE0089DF1D /* tictactoe-macos */ = {
			isa = PBXNativeTarget;
			buildConfigurationList = C13F0C432BFCB2C00089DF1D /* Build configuration list for PBXNativeTarget "tictactoe-macos" */;
			buildPhases = (
				C13F0C302BFCB2BE0089DF1D /* Sources */,
				C13F0C312BFCB2BE0089DF1D /* Frameworks */,
				C13F0C322BFCB2BE0089DF1D /* Resources */,
			);
			buildRules = (
			);
			dependencies = (
			);
			name = "tictactoe-macos";
			productName = "tictactoe-macos";
			productReference = C13F0C342BFCB2BE0089DF1D /* tictactoe-macos.app */;
			productType = "com.apple.product-type.application";
		};
/* End PBXNativeTarget section */

/* Begin PBXProject section */
		C13F0C2C2BFCB2BE0089DF1D /* Project object */ = {
			isa = PBXProject;
			attributes = {
				BuildIndependentTargetsInParallel = 1;
				LastSwiftUpdateCheck = 1530;
				LastUpgradeCheck = 1530;
				TargetAttributes = {
					C13F0C332BFCB2BE0089DF1D = {
						CreatedOnToolsVersion = 15.3;
					};
				};
			};
			buildConfigurationList = C13F0C2F2BFCB2BE0089DF1D /* Build configuration list for PBXProject "tictactoe-macos" */;
			compatibilityVersion = "Xcode 14.0";
			developmentRegion = en;
			hasScannedForEncodings = 0;
			knownRegions = (
				en,
				Base,
			);
			mainGroup = C13F0C2B2BFCB2BE0089DF1D;
			productRefGroup = C13F0C352BFCB2BE0089DF1D /* Products */;
			projectDirPath = "";
			projectRoot = "";
			targets = (
				C13F0C332BFCB2BE0089DF1D /* tictactoe-macos */,
			);
		};
/* End PBXProject section */

/* Begin PBXResourcesBuildPhase section */
		C13F0C322BFCB2BE0089DF1D /* Resources */ = {
			isa = PBXResourcesBuildPhase;
			buildActionMask = 2147483647;
			files = (
				C13F0C3F2BFCB2C00089DF1D /* Preview Assets.xcassets in Resources */,
				C13F0C3C2BFCB2C00089DF1D /* Assets.xcassets in Resources */,
			);
			runOnlyForDeploymentPostprocessing = 0;
		};
/* End PBXResourcesBuildPhase section */

/* Begin PBXSourcesBuildPhase section */
		C13F0C302BFCB2BE0089DF1D /* Sources */ = {
			isa = PBXSourcesBuildPhase;
			buildActionMask = 2147483647;
			files = (
				C13F0C3A2BFCB2BE0089DF1D /* ContentView.swift in Sources */,
				C14237CB2BFDAA7F007EE40F /* tictactoe-model.mlmodel in Sources */,
				C13F0C492BFCB6470089DF1D /* CameraManager.swift in Sources */,
				C13F0C382BFCB2BE0089DF1D /* tictactoe_macosApp.swift in Sources */,
				C14237C92BFDA381007EE40F /* CameraView.swift in Sources */,
				C142BF862BFECFFA0093D46C /* HumanDetector.swift in Sources */,
				C11540F22C0131640050D630 /* HandPoseDetector.swift in Sources */,
			);
			runOnlyForDeploymentPostprocessing = 0;
		};
/* End PBXSourcesBuildPhase section */

/* Begin XCBuildConfiguration section */
		C13F0C412BFCB2C00089DF1D /* Debug */ = {
			isa = XCBuildConfiguration;
			buildSettings = {
				ALWAYS_SEARCH_USER_PATHS = NO;
				ASSETCATALOG_COMPILER_GENERATE_SWIFT_ASSET_SYMBOL_EXTENSIONS = YES;
				CLANG_ANALYZER_NONNULL = YES;
				CLANG_ANALYZER_NUMBER_OBJECT_CONVERSION = YES_AGGRESSIVE;
				CLANG_CXX_LANGUAGE_STANDARD = "gnu++20";
				CLANG_ENABLE_MODULES = YES;
				CLANG_ENABLE_OBJC_ARC = YES;
				CLANG_ENABLE_OBJC_WEAK = YES;
				CLANG_WARN_BLOCK_CAPTURE_AUTORELEASING = YES;
				CLANG_WARN_BOOL_CONVERSION = YES;
				CLANG_WARN_COMMA = YES;
				CLANG_WARN_CONSTANT_CONVERSION = YES;
				CLANG_WARN_DEPRECATED_OBJC_IMPLEMENTATIONS = YES;
				CLANG_WARN_DIRECT_OBJC_ISA_USAGE = YES_ERROR;
				CLANG_WARN_DOCUMENTATION_COMMENTS = YES;
				CLANG_WARN_EMPTY_BODY = YES;
				CLANG_WARN_ENUM_CONVERSION = YES;
				CLANG_WARN_INFINITE_RECURSION = YES;
				CLANG_WARN_INT_CONVERSION = YES;
				CLANG_WARN_NON_LITERAL_NULL_CONVERSION = YES;
				CLANG_WARN_OBJC_IMPLICIT_RETAIN_SELF = YES;
				CLANG_WARN_OBJC_LITERAL_CONVERSION = YES;
				CLANG_WARN_OBJC_ROOT_CLASS = YES_ERROR;
				CLANG_WARN_QUOTED_INCLUDE_IN_FRAMEWORK_HEADER = YES;
				CLANG_WARN_RANGE_LOOP_ANALYSIS = YES;
				CLANG_WARN_STRICT_PROTOTYPES = YES;
				CLANG_WARN_SUSPICIOUS_MOVE = YES;
				CLANG_WARN_UNGUARDED_AVAILABILITY = YES_AGGRESSIVE;
				CLANG_WARN_UNREACHABLE_CODE = YES;
				CLANG_WARN__DUPLICATE_METHOD_MATCH = YES;
				COPY_PHASE_STRIP = NO;
				DEBUG_INFORMATION_FORMAT = dwarf;
				ENABLE_STRICT_OBJC_MSGSEND = YES;
				ENABLE_TESTABILITY = YES;
				ENABLE_USER_SCRIPT_SANDBOXING = YES;
				GCC_C_LANGUAGE_STANDARD = gnu17;
				GCC_DYNAMIC_NO_PIC = NO;
				GCC_NO_COMMON_BLOCKS = YES;
				GCC_OPTIMIZATION_LEVEL = 0;
				GCC_PREPROCESSOR_DEFINITIONS = (
					"DEBUG=1",
					"$(inherited)",
				);
				GCC_WARN_64_TO_32_BIT_CONVERSION = YES;
				GCC_WARN_ABOUT_RETURN_TYPE = YES_ERROR;
				GCC_WARN_UNDECLARED_SELECTOR = YES;
				GCC_WARN_UNINITIALIZED_AUTOS = YES_AGGRESSIVE;
				GCC_WARN_UNUSED_FUNCTION = YES;
				GCC_WARN_UNUSED_VARIABLE = YES;
				LOCALIZATION_PREFERS_STRING_CATALOGS = YES;
				MACOSX_DEPLOYMENT_TARGET = 14.4;
				MTL_ENABLE_DEBUG_INFO = INCLUDE_SOURCE;
				MTL_FAST_MATH = YES;
				ONLY_ACTIVE_ARCH = YES;
				SDKROOT = macosx;
				SWIFT_ACTIVE_COMPILATION_CONDITIONS = "DEBUG $(inherited)";
				SWIFT_OPTIMIZATION_LEVEL = "-Onone";
			};
			name = Debug;
		};
		C13F0C422BFCB2C00089DF1D /* Release */ = {
			isa = XCBuildConfiguration;
			buildSettings = {
				ALWAYS_SEARCH_USER_PATHS = NO;
				ASSETCATALOG_COMPILER_GENERATE_SWIFT_ASSET_SYMBOL_EXTENSIONS = YES;
				CLANG_ANALYZER_NONNULL = YES;
				CLANG_ANALYZER_NUMBER_OBJECT_CONVERSION = YES_AGGRESSIVE;
				CLANG_CXX_LANGUAGE_STANDARD = "gnu++20";
				CLANG_ENABLE_MODULES = YES;
				CLANG_ENABLE_OBJC_ARC = YES;
				CLANG_ENABLE_OBJC_WEAK = YES;
				CLANG_WARN_BLOCK_CAPTURE_AUTORELEASING = YES;
				CLANG_WARN_BOOL_CONVERSION = YES;
				CLANG_WARN_COMMA = YES;
				CLANG_WARN_CONSTANT_CONVERSION = YES;
				CLANG_WARN_DEPRECATED_OBJC_IMPLEMENTATIONS = YES;
				CLANG_WARN_DIRECT_OBJC_ISA_USAGE = YES_ERROR;
				CLANG_WARN_DOCUMENTATION_COMMENTS = YES;
				CLANG_WARN_EMPTY_BODY = YES;
				CLANG_WARN_ENUM_CONVERSION = YES;
				CLANG_WARN_INFINITE_RECURSION = YES;
				CLANG_WARN_INT_CONVERSION = YES;
				CLANG_WARN_NON_LITERAL_NULL_CONVERSION = YES;
				CLANG_WARN_OBJC_IMPLICIT_RETAIN_SELF = YES;
				CLANG_WARN_OBJC_LITERAL_CONVERSION = YES;
				CLANG_WARN_OBJC_ROOT_CLASS = YES_ERROR;
				CLANG_WARN_QUOTED_INCLUDE_IN_FRAMEWORK_HEADER = YES;
				CLANG_WARN_RANGE_LOOP_ANALYSIS = YES;
				CLANG_WARN_STRICT_PROTOTYPES = YES;
				CLANG_WARN_SUSPICIOUS_MOVE = YES;
				CLANG_WARN_UNGUARDED_AVAILABILITY = YES_AGGRESSIVE;
				CLANG_WARN_UNREACHABLE_CODE = YES;
				CLANG_WARN__DUPLICATE_METHOD_MATCH = YES;
				COPY_PHASE_STRIP = NO;
				DEBUG_INFORMATION_FORMAT = "dwarf-with-dsym";
				ENABLE_NS_ASSERTIONS = NO;
				ENABLE_STRICT_OBJC_MSGSEND = YES;
				ENABLE_USER_SCRIPT_SANDBOXING = YES;
				GCC_C_LANGUAGE_STANDARD = gnu17;
				GCC_NO_COMMON_BLOCKS = YES;
				GCC_WARN_64_TO_32_BIT_CONVERSION = YES;
				GCC_WARN_ABOUT_RETURN_TYPE = YES_ERROR;
				GCC_WARN_UNDECLARED_SELECTOR = YES;
				GCC_WARN_UNINITIALIZED_AUTOS = YES_AGGRESSIVE;
				GCC_WARN_UNUSED_FUNCTION = YES;
				GCC_WARN_UNUSED_VARIABLE = YES;
				LOCALIZATION_PREFERS_STRING_CATALOGS = YES;
				MACOSX_DEPLOYMENT_TARGET = 14.4;
				MTL_ENABLE_DEBUG_INFO = NO;
				MTL_FAST_MATH = YES;
				SDKROOT = macosx;
				SWIFT_COMPILATION_MODE = wholemodule;
			};
			name = Release;
		};
		C13F0C442BFCB2C00089DF1D /* Debug */ = {
			isa = XCBuildConfiguration;
			buildSettings = {
				ASSETCATALOG_COMPILER_APPICON_NAME = AppIcon;
				ASSETCATALOG_COMPILER_GLOBAL_ACCENT_COLOR_NAME = AccentColor;
				CODE_SIGN_ENTITLEMENTS = "tictactoe-macos/tictactoe_macos.entitlements";
				CODE_SIGN_STYLE = Automatic;
				COMBINE_HIDPI_IMAGES = YES;
				CURRENT_PROJECT_VERSION = 1;
				DEVELOPMENT_ASSET_PATHS = "\"tictactoe-macos/Preview Content\"";
				DEVELOPMENT_TEAM = VLB4X97QN4;
				ENABLE_HARDENED_RUNTIME = YES;
				ENABLE_PREVIEWS = YES;
				GENERATE_INFOPLIST_FILE = YES;
				INFOPLIST_KEY_NSCameraUsageDescription = "need access camera";
				INFOPLIST_KEY_NSHumanReadableCopyright = "";
				LD_RUNPATH_SEARCH_PATHS = (
					"$(inherited)",
					"@executable_path/../Frameworks",
				);
				MARKETING_VERSION = 1.0;
				PRODUCT_BUNDLE_IDENTIFIER = "com.syafiq.tictactoe-macos";
				PRODUCT_NAME = "$(TARGET_NAME)";
				SWIFT_EMIT_LOC_STRINGS = YES;
				SWIFT_VERSION = 5.0;
			};
			name = Debug;
		};
		C13F0C452BFCB2C00089DF1D /* Release */ = {
			isa = XCBuildConfiguration;
			buildSettings = {
				ASSETCATALOG_COMPILER_APPICON_NAME = AppIcon;
				ASSETCATALOG_COMPILER_GLOBAL_ACCENT_COLOR_NAME = AccentColor;
				CODE_SIGN_ENTITLEMENTS = "tictactoe-macos/tictactoe_macos.entitlements";
				CODE_SIGN_STYLE = Automatic;
				COMBINE_HIDPI_IMAGES = YES;
				CURRENT_PROJECT_VERSION = 1;
				DEVELOPMENT_ASSET_PATHS = "\"tictactoe-macos/Preview Content\"";
				DEVELOPMENT_TEAM = VLB4X97QN4;
				ENABLE_HARDENED_RUNTIME = YES;
				ENABLE_PREVIEWS = YES;
				GENERATE_INFOPLIST_FILE = YES;
				INFOPLIST_KEY_NSCameraUsageDescription = "need access camera";
				INFOPLIST_KEY_NSHumanReadableCopyright = "";
				LD_RUNPATH_SEARCH_PATHS = (
					"$(inherited)",
					"@executable_path/../Frameworks",
				);
				MARKETING_VERSION = 1.0;
				PRODUCT_BUNDLE_IDENTIFIER = "com.syafiq.tictactoe-macos";
				PRODUCT_NAME = "$(TARGET_NAME)";
				SWIFT_EMIT_LOC_STRINGS = YES;
				SWIFT_VERSION = 5.0;
			};
			name = Release;
		};
/* End XCBuildConfiguration section */

/* Begin XCConfigurationList section */
		C13F0C2F2BFCB2BE0089DF1D /* Build configuration list for PBXProject "tictactoe-macos" */ = {
			isa = XCConfigurationList;
			buildConfigurations = (
				C13F0C412BFCB2C00089DF1D /* Debug */,
				C13F0C422BFCB2C00089DF1D /* Release */,
			);
			defaultConfigurationIsVisible = 0;
			defaultConfigurationName = Release;
		};
		C13F0C432BFCB2C00089DF1D /* Build configuration list for PBXNativeTarget "tictactoe-macos" */ = {
			isa = XCConfigurationList;
			buildConfigurations = (
				C13F0C442BFCB2C00089DF1D /* Debug */,
				C13F0C452BFCB2C00089DF1D /* Release */,
			);
			defaultConfigurationIsVisible = 0;
			defaultConfigurationName = Release;
		};
/* End XCConfigurationList section */
	};
	rootObject = C13F0C2C2BFCB2BE0089DF1D /* Project object */;
}
